// !$*UTF8*$!
{
	archiveVersion = 1;
	classes = {
	};
	objectVersion = 56;
	objects = {

/* Begin PBXBuildFile section */
		0C4A574D29CAEE980076B7AA /* NewsApp.swift in Sources */ = {isa = PBXBuildFile; fileRef = 0C4A574C29CAEE980076B7AA /* NewsApp.swift */; };
		0C4A574F29CAEE980076B7AA /* ContentView.swift in Sources */ = {isa = PBXBuildFile; fileRef = 0C4A574E29CAEE980076B7AA /* ContentView.swift */; };
		0C4A575129CAEE990076B7AA /* Assets.xcassets in Resources */ = {isa = PBXBuildFile; fileRef = 0C4A575029CAEE990076B7AA /* Assets.xcassets */; };
		0C4A575429CAEE990076B7AA /* Preview Assets.xcassets in Resources */ = {isa = PBXBuildFile; fileRef = 0C4A575329CAEE990076B7AA /* Preview Assets.xcassets */; };
		0C4A575D29CAF09A0076B7AA /* Networking in Frameworks */ = {isa = PBXBuildFile; productRef = 0C4A575C29CAF09A0076B7AA /* Networking */; };
		0C4A575F29CB052D0076B7AA /* NewsScreen.swift in Sources */ = {isa = PBXBuildFile; fileRef = 0C4A575E29CB052D0076B7AA /* NewsScreen.swift */; };
		0C4A576329CB19B50076B7AA /* Types+Enums.swift in Sources */ = {isa = PBXBuildFile; fileRef = 0C4A576229CB19B40076B7AA /* Types+Enums.swift */; };
		0C4A576629CB26AA0076B7AA /* RandomAccessCollection.swift in Sources */ = {isa = PBXBuildFile; fileRef = 0C4A576529CB26AA0076B7AA /* RandomAccessCollection.swift */; };
		0C4A576829CC68A50076B7AA /* ArticleScreen.swift in Sources */ = {isa = PBXBuildFile; fileRef = 0C4A576729CC68A50076B7AA /* ArticleScreen.swift */; };
		0C4A576A29CC6DDA0076B7AA /* ArticleWebScreen.swift in Sources */ = {isa = PBXBuildFile; fileRef = 0C4A576929CC6DDA0076B7AA /* ArticleWebScreen.swift */; };
		0C4A576C29CC6F730076B7AA /* WebView.swift in Sources */ = {isa = PBXBuildFile; fileRef = 0C4A576B29CC6F730076B7AA /* WebView.swift */; };
/* End PBXBuildFile section */

/* Begin PBXFileReference section */
		0C4A574929CAEE980076B7AA /* News.app */ = {isa = PBXFileReference; explicitFileType = wrapper.application; includeInIndex = 0; path = News.app; sourceTree = BUILT_PRODUCTS_DIR; };
		0C4A574C29CAEE980076B7AA /* NewsApp.swift */ = {isa = PBXFileReference; lastKnownFileType = sourcecode.swift; path = NewsApp.swift; sourceTree = "<group>"; };
		0C4A574E29CAEE980076B7AA /* ContentView.swift */ = {isa = PBXFileReference; lastKnownFileType = sourcecode.swift; path = ContentView.swift; sourceTree = "<group>"; };
		0C4A575029CAEE990076B7AA /* Assets.xcassets */ = {isa = PBXFileReference; lastKnownFileType = folder.assetcatalog; path = Assets.xcassets; sourceTree = "<group>"; };
		0C4A575329CAEE990076B7AA /* Preview Assets.xcassets */ = {isa = PBXFileReference; lastKnownFileType = folder.assetcatalog; path = "Preview Assets.xcassets"; sourceTree = "<group>"; };
		0C4A575A29CAF05C0076B7AA /* Networking */ = {isa = PBXFileReference; lastKnownFileType = wrapper; name = Networking; path = Modules/Networking; sourceTree = SOURCE_ROOT; };
		0C4A575E29CB052D0076B7AA /* NewsScreen.swift */ = {isa = PBXFileReference; lastKnownFileType = sourcecode.swift; path = NewsScreen.swift; sourceTree = "<group>"; };
		0C4A576229CB19B40076B7AA /* Types+Enums.swift */ = {isa = PBXFileReference; lastKnownFileType = sourcecode.swift; path = "Types+Enums.swift"; sourceTree = "<group>"; };
		0C4A576529CB26AA0076B7AA /* RandomAccessCollection.swift */ = {isa = PBXFileReference; lastKnownFileType = sourcecode.swift; path = RandomAccessCollection.swift; sourceTree = "<group>"; };
		0C4A576729CC68A50076B7AA /* ArticleScreen.swift */ = {isa = PBXFileReference; lastKnownFileType = sourcecode.swift; path = ArticleScreen.swift; sourceTree = "<group>"; };
		0C4A576929CC6DDA0076B7AA /* ArticleWebScreen.swift */ = {isa = PBXFileReference; lastKnownFileType = sourcecode.swift; path = ArticleWebScreen.swift; sourceTree = "<group>"; };
		0C4A576B29CC6F730076B7AA /* WebView.swift */ = {isa = PBXFileReference; lastKnownFileType = sourcecode.swift; path = WebView.swift; sourceTree = "<group>"; };
/* End PBXFileReference section */

/* Begin PBXFrameworksBuildPhase section */
		0C4A574629CAEE980076B7AA /* Frameworks */ = {
			isa = PBXFrameworksBuildPhase;
			buildActionMask = 2147483647;
			files = (
				0C4A575D29CAF09A0076B7AA /* Networking in Frameworks */,
			);
			runOnlyForDeploymentPostprocessing = 0;
		};
/* End PBXFrameworksBuildPhase section */

/* Begin PBXGroup section */
		0C4A574029CAEE970076B7AA = {
			isa = PBXGroup;
			children = (
				0C4A574B29CAEE980076B7AA /* News */,
				0C4A574A29CAEE980076B7AA /* Products */,
				0C4A575B29CAF09A0076B7AA /* Frameworks */,
			);
			sourceTree = "<group>";
		};
		0C4A574A29CAEE980076B7AA /* Products */ = {
			isa = PBXGroup;
			children = (
				0C4A574929CAEE980076B7AA /* News.app */,
			);
			name = Products;
			sourceTree = "<group>";
		};
		0C4A574B29CAEE980076B7AA /* News */ = {
			isa = PBXGroup;
			children = (
				0C4A576E29CC78D00076B7AA /* Views */,
				0C4A576D29CC78AD0076B7AA /* Screens */,
				0C4A576429CB26860076B7AA /* Extensions */,
				0C4A575A29CAF05C0076B7AA /* Networking */,
				0C4A574C29CAEE980076B7AA /* NewsApp.swift */,
				0C4A574E29CAEE980076B7AA /* ContentView.swift */,
				0C4A575029CAEE990076B7AA /* Assets.xcassets */,
				0C4A575229CAEE990076B7AA /* Preview Content */,
				0C4A576229CB19B40076B7AA /* Types+Enums.swift */,
			);
			path = News;
			sourceTree = "<group>";
		};
		0C4A575229CAEE990076B7AA /* Preview Content */ = {
			isa = PBXGroup;
			children = (
				0C4A575329CAEE990076B7AA /* Preview Assets.xcassets */,
			);
			path = "Preview Content";
			sourceTree = "<group>";
		};
		0C4A575B29CAF09A0076B7AA /* Frameworks */ = {
			isa = PBXGroup;
			children = (
			);
			name = Frameworks;
			sourceTree = "<group>";
		};
		0C4A576429CB26860076B7AA /* Extensions */ = {
			isa = PBXGroup;
			children = (
				0C4A576529CB26AA0076B7AA /* RandomAccessCollection.swift */,
			);
			path = Extensions;
			sourceTree = "<group>";
		};
		0C4A576D29CC78AD0076B7AA /* Screens */ = {
			isa = PBXGroup;
			children = (
				0C4A575E29CB052D0076B7AA /* NewsScreen.swift */,
				0C4A576729CC68A50076B7AA /* ArticleScreen.swift */,
				0C4A576929CC6DDA0076B7AA /* ArticleWebScreen.swift */,
			);
			path = Screens;
			sourceTree = "<group>";
		};
		0C4A576E29CC78D00076B7AA /* Views */ = {
			isa = PBXGroup;
			children = (
				0C4A576B29CC6F730076B7AA /* WebView.swift */,
			);
			path = Views;
			sourceTree = "<group>";
		};
/* End PBXGroup section */

/* Begin PBXNativeTarget section */
		0C4A574829CAEE980076B7AA /* News */ = {
			isa = PBXNativeTarget;
			buildConfigurationList = 0C4A575729CAEE990076B7AA /* Build configuration list for PBXNativeTarget "News" */;
			buildPhases = (
				0C4A574529CAEE980076B7AA /* Sources */,
				0C4A574629CAEE980076B7AA /* Frameworks */,
				0C4A574729CAEE980076B7AA /* Resources */,
			);
			buildRules = (
			);
			dependencies = (
			);
			name = News;
			packageProductDependencies = (
				0C4A575C29CAF09A0076B7AA /* Networking */,
			);
			productName = News;
			productReference = 0C4A574929CAEE980076B7AA /* News.app */;
			productType = "com.apple.product-type.application";
		};
/* End PBXNativeTarget section */

/* Begin PBXProject section */
		0C4A574129CAEE970076B7AA /* Project object */ = {
			isa = PBXProject;
			attributes = {
				BuildIndependentTargetsInParallel = 1;
				LastSwiftUpdateCheck = 1420;
				LastUpgradeCheck = 1420;
				TargetAttributes = {
					0C4A574829CAEE980076B7AA = {
						CreatedOnToolsVersion = 14.2;
					};
				};
			};
			buildConfigurationList = 0C4A574429CAEE970076B7AA /* Build configuration list for PBXProject "News" */;
			compatibilityVersion = "Xcode 14.0";
			developmentRegion = en;
			hasScannedForEncodings = 0;
			knownRegions = (
				en,
				Base,
			);
			mainGroup = 0C4A574029CAEE970076B7AA;
			productRefGroup = 0C4A574A29CAEE980076B7AA /* Products */;
			projectDirPath = "";
			projectRoot = "";
			targets = (
				0C4A574829CAEE980076B7AA /* News */,
			);
		};
/* End PBXProject section */

/* Begin PBXResourcesBuildPhase section */
		0C4A574729CAEE980076B7AA /* Resources */ = {
			isa = PBXResourcesBuildPhase;
			buildActionMask = 2147483647;
			files = (
				0C4A575429CAEE990076B7AA /* Preview Assets.xcassets in Resources */,
				0C4A575129CAEE990076B7AA /* Assets.xcassets in Resources */,
			);
			runOnlyForDeploymentPostprocessing = 0;
		};
/* End PBXResourcesBuildPhase section */

/* Begin PBXSourcesBuildPhase section */
		0C4A574529CAEE980076B7AA /* Sources */ = {
			isa = PBXSourcesBuildPhase;
			buildActionMask = 2147483647;
			files = (
				0C4A576629CB26AA0076B7AA /* RandomAccessCollection.swift in Sources */,
				0C4A574F29CAEE980076B7AA /* ContentView.swift in Sources */,
				0C4A576A29CC6DDA0076B7AA /* ArticleWebScreen.swift in Sources */,
				0C4A574D29CAEE980076B7AA /* NewsApp.swift in Sources */,
				0C4A575F29CB052D0076B7AA /* NewsScreen.swift in Sources */,
				0C4A576C29CC6F730076B7AA /* WebView.swift in Sources */,
				0C4A576329CB19B50076B7AA /* Types+Enums.swift in Sources */,
				0C4A576829CC68A50076B7AA /* ArticleScreen.swift in Sources */,
			);
			runOnlyForDeploymentPostprocessing = 0;
		};
/* End PBXSourcesBuildPhase section */

/* Begin XCBuildConfiguration section */
		0C4A575529CAEE990076B7AA /* Debug */ = {
			isa = XCBuildConfiguration;
			buildSettings = {
				ALWAYS_SEARCH_USER_PATHS = NO;
				CLANG_ANALYZER_NONNULL = YES;
				CLANG_ANALYZER_NUMBER_OBJECT_CONVERSION = YES_AGGRESSIVE;
				CLANG_CXX_LANGUAGE_STANDARD = "gnu++20";
				CLANG_ENABLE_MODULES = YES;
				CLANG_ENABLE_OBJC_ARC = YES;
				CLANG_ENABLE_OBJC_WEAK = YES;
				CLANG_WARN_BLOCK_CAPTURE_AUTORELEASING = YES;
				CLANG_WARN_BOOL_CONVERSION = YES;
				CLANG_WARN_COMMA = YES;
				CLANG_WARN_CONSTANT_CONVERSION = YES;
				CLANG_WARN_DEPRECATED_OBJC_IMPLEMENTATIONS = YES;
				CLANG_WARN_DIRECT_OBJC_ISA_USAGE = YES_ERROR;
				CLANG_WARN_DOCUMENTATION_COMMENTS = YES;
				CLANG_WARN_EMPTY_BODY = YES;
				CLANG_WARN_ENUM_CONVERSION = YES;
				CLANG_WARN_INFINITE_RECURSION = YES;
				CLANG_WARN_INT_CONVERSION = YES;
				CLANG_WARN_NON_LITERAL_NULL_CONVERSION = YES;
				CLANG_WARN_OBJC_IMPLICIT_RETAIN_SELF = YES;
				CLANG_WARN_OBJC_LITERAL_CONVERSION = YES;
				CLANG_WARN_OBJC_ROOT_CLASS = YES_ERROR;
				CLANG_WARN_QUOTED_INCLUDE_IN_FRAMEWORK_HEADER = YES;
				CLANG_WARN_RANGE_LOOP_ANALYSIS = YES;
				CLANG_WARN_STRICT_PROTOTYPES = YES;
				CLANG_WARN_SUSPICIOUS_MOVE = YES;
				CLANG_WARN_UNGUARDED_AVAILABILITY = YES_AGGRESSIVE;
				CLANG_WARN_UNREACHABLE_CODE = YES;
				CLANG_WARN__DUPLICATE_METHOD_MATCH = YES;
				COPY_PHASE_STRIP = NO;
				DEBUG_INFORMATION_FORMAT = dwarf;
				ENABLE_STRICT_OBJC_MSGSEND = YES;
				ENABLE_TESTABILITY = YES;
				GCC_C_LANGUAGE_STANDARD = gnu11;
				GCC_DYNAMIC_NO_PIC = NO;
				GCC_NO_COMMON_BLOCKS = YES;
				GCC_OPTIMIZATION_LEVEL = 0;
				GCC_PREPROCESSOR_DEFINITIONS = (
					"DEBUG=1",
					"$(inherited)",
				);
				GCC_WARN_64_TO_32_BIT_CONVERSION = YES;
				GCC_WARN_ABOUT_RETURN_TYPE = YES_ERROR;
				GCC_WARN_UNDECLARED_SELECTOR = YES;
				GCC_WARN_UNINITIALIZED_AUTOS = YES_AGGRESSIVE;
				GCC_WARN_UNUSED_FUNCTION = YES;
				GCC_WARN_UNUSED_VARIABLE = YES;
				IPHONEOS_DEPLOYMENT_TARGET = 16.2;
				MTL_ENABLE_DEBUG_INFO = INCLUDE_SOURCE;
				MTL_FAST_MATH = YES;
				ONLY_ACTIVE_ARCH = YES;
				SDKROOT = iphoneos;
				SWIFT_ACTIVE_COMPILATION_CONDITIONS = DEBUG;
				SWIFT_OPTIMIZATION_LEVEL = "-Onone";
			};
			name = Debug;
		};
		0C4A575629CAEE990076B7AA /* Release */ = {
			isa = XCBuildConfiguration;
			buildSettings = {
				ALWAYS_SEARCH_USER_PATHS = NO;
				CLANG_ANALYZER_NONNULL = YES;
				CLANG_ANALYZER_NUMBER_OBJECT_CONVERSION = YES_AGGRESSIVE;
				CLANG_CXX_LANGUAGE_STANDARD = "gnu++20";
				CLANG_ENABLE_MODULES = YES;
				CLANG_ENABLE_OBJC_ARC = YES;
				CLANG_ENABLE_OBJC_WEAK = YES;
				CLANG_WARN_BLOCK_CAPTURE_AUTORELEASING = YES;
				CLANG_WARN_BOOL_CONVERSION = YES;
				CLANG_WARN_COMMA = YES;
				CLANG_WARN_CONSTANT_CONVERSION = YES;
				CLANG_WARN_DEPRECATED_OBJC_IMPLEMENTATIONS = YES;
				CLANG_WARN_DIRECT_OBJC_ISA_USAGE = YES_ERROR;
				CLANG_WARN_DOCUMENTATION_COMMENTS = YES;
				CLANG_WARN_EMPTY_BODY = YES;
				CLANG_WARN_ENUM_CONVERSION = YES;
				CLANG_WARN_INFINITE_RECURSION = YES;
				CLANG_WARN_INT_CONVERSION = YES;
				CLANG_WARN_NON_LITERAL_NULL_CONVERSION = YES;
				CLANG_WARN_OBJC_IMPLICIT_RETAIN_SELF = YES;
				CLANG_WARN_OBJC_LITERAL_CONVERSION = YES;
				CLANG_WARN_OBJC_ROOT_CLASS = YES_ERROR;
				CLANG_WARN_QUOTED_INCLUDE_IN_FRAMEWORK_HEADER = YES;
				CLANG_WARN_RANGE_LOOP_ANALYSIS = YES;
				CLANG_WARN_STRICT_PROTOTYPES = YES;
				CLANG_WARN_SUSPICIOUS_MOVE = YES;
				CLANG_WARN_UNGUARDED_AVAILABILITY = YES_AGGRESSIVE;
				CLANG_WARN_UNREACHABLE_CODE = YES;
				CLANG_WARN__DUPLICATE_METHOD_MATCH = YES;
				COPY_PHASE_STRIP = NO;
				DEBUG_INFORMATION_FORMAT = "dwarf-with-dsym";
				ENABLE_NS_ASSERTIONS = NO;
				ENABLE_STRICT_OBJC_MSGSEND = YES;
				GCC_C_LANGUAGE_STANDARD = gnu11;
				GCC_NO_COMMON_BLOCKS = YES;
				GCC_WARN_64_TO_32_BIT_CONVERSION = YES;
				GCC_WARN_ABOUT_RETURN_TYPE = YES_ERROR;
				GCC_WARN_UNDECLARED_SELECTOR = YES;
				GCC_WARN_UNINITIALIZED_AUTOS = YES_AGGRESSIVE;
				GCC_WARN_UNUSED_FUNCTION = YES;
				GCC_WARN_UNUSED_VARIABLE = YES;
				IPHONEOS_DEPLOYMENT_TARGET = 16.2;
				MTL_ENABLE_DEBUG_INFO = NO;
				MTL_FAST_MATH = YES;
				SDKROOT = iphoneos;
				SWIFT_COMPILATION_MODE = wholemodule;
				SWIFT_OPTIMIZATION_LEVEL = "-O";
				VALIDATE_PRODUCT = YES;
			};
			name = Release;
		};
		0C4A575829CAEE990076B7AA /* Debug */ = {
			isa = XCBuildConfiguration;
			buildSettings = {
				ASSETCATALOG_COMPILER_APPICON_NAME = AppIcon;
				ASSETCATALOG_COMPILER_GLOBAL_ACCENT_COLOR_NAME = AccentColor;
				CODE_SIGN_STYLE = Automatic;
				CURRENT_PROJECT_VERSION = 1;
				DEVELOPMENT_ASSET_PATHS = "\"News/Preview Content\"";
				DEVELOPMENT_TEAM = 6A7URARZJV;
				ENABLE_PREVIEWS = YES;
				GENERATE_INFOPLIST_FILE = YES;
				INFOPLIST_KEY_UIApplicationSceneManifest_Generation = YES;
				INFOPLIST_KEY_UIApplicationSupportsIndirectInputEvents = YES;
				INFOPLIST_KEY_UILaunchScreen_Generation = YES;
				INFOPLIST_KEY_UISupportedInterfaceOrientations_iPad = "UIInterfaceOrientationPortrait UIInterfaceOrientationPortraitUpsideDown UIInterfaceOrientationLandscapeLeft UIInterfaceOrientationLandscapeRight";
				INFOPLIST_KEY_UISupportedInterfaceOrientations_iPhone = "UIInterfaceOrientationPortrait UIInterfaceOrientationLandscapeLeft UIInterfaceOrientationLandscapeRight";
				LD_RUNPATH_SEARCH_PATHS = (
					"$(inherited)",
					"@executable_path/Frameworks",
				);
				MARKETING_VERSION = 1.0;
				PRODUCT_BUNDLE_IDENTIFIER = ru.maratom.News;
				PRODUCT_NAME = "$(TARGET_NAME)";
				SWIFT_EMIT_LOC_STRINGS = YES;
				SWIFT_VERSION = 5.0;
				TARGETED_DEVICE_FAMILY = "1,2";
			};
			name = Debug;
		};
		0C4A575929CAEE990076B7AA /* Release */ = {
			isa = XCBuildConfiguration;
			buildSettings = {
				ASSETCATALOG_COMPILER_APPICON_NAME = AppIcon;
				ASSETCATALOG_COMPILER_GLOBAL_ACCENT_COLOR_NAME = AccentColor;
				CODE_SIGN_STYLE = Automatic;
				CURRENT_PROJECT_VERSION = 1;
				DEVELOPMENT_ASSET_PATHS = "\"News/Preview Content\"";
				DEVELOPMENT_TEAM = 6A7URARZJV;
				ENABLE_PREVIEWS = YES;
				GENERATE_INFOPLIST_FILE = YES;
				INFOPLIST_KEY_UIApplicationSceneManifest_Generation = YES;
				INFOPLIST_KEY_UIApplicationSupportsIndirectInputEvents = YES;
				INFOPLIST_KEY_UILaunchScreen_Generation = YES;
				INFOPLIST_KEY_UISupportedInterfaceOrientations_iPad = "UIInterfaceOrientationPortrait UIInterfaceOrientationPortraitUpsideDown UIInterfaceOrientationLandscapeLeft UIInterfaceOrientationLandscapeRight";
				INFOPLIST_KEY_UISupportedInterfaceOrientations_iPhone = "UIInterfaceOrientationPortrait UIInterfaceOrientationLandscapeLeft UIInterfaceOrientationLandscapeRight";
				LD_RUNPATH_SEARCH_PATHS = (
					"$(inherited)",
					"@executable_path/Frameworks",
				);
				MARKETING_VERSION = 1.0;
				PRODUCT_BUNDLE_IDENTIFIER = ru.maratom.News;
				PRODUCT_NAME = "$(TARGET_NAME)";
				SWIFT_EMIT_LOC_STRINGS = YES;
				SWIFT_VERSION = 5.0;
				TARGETED_DEVICE_FAMILY = "1,2";
			};
			name = Release;
		};
/* End XCBuildConfiguration section */

/* Begin XCConfigurationList section */
		0C4A574429CAEE970076B7AA /* Build configuration list for PBXProject "News" */ = {
			isa = XCConfigurationList;
			buildConfigurations = (
				0C4A575529CAEE990076B7AA /* Debug */,
				0C4A575629CAEE990076B7AA /* Release */,
			);
			defaultConfigurationIsVisible = 0;
			defaultConfigurationName = Release;
		};
		0C4A575729CAEE990076B7AA /* Build configuration list for PBXNativeTarget "News" */ = {
			isa = XCConfigurationList;
			buildConfigurations = (
				0C4A575829CAEE990076B7AA /* Debug */,
				0C4A575929CAEE990076B7AA /* Release */,
			);
			defaultConfigurationIsVisible = 0;
			defaultConfigurationName = Release;
		};
/* End XCConfigurationList section */

/* Begin XCSwiftPackageProductDependency section */
		0C4A575C29CAF09A0076B7AA /* Networking */ = {
			isa = XCSwiftPackageProductDependency;
			productName = Networking;
		};
/* End XCSwiftPackageProductDependency section */
	};
	rootObject = 0C4A574129CAEE970076B7AA /* Project object */;
}
